
Microsoft Visual Studio Solution File, Format Version 12.00
# Visual Studio 15
VisualStudioVersion = 15.0.26403.7
MinimumVisualStudioVersion = 10.0.40219.1
Project("{9A19103F-16F7-4668-BE54-9A1E7A4F7556}") = "locgen", "locgen\locgen.csproj", "{1CF44361-CF60-4B11-BA29-F44FD04C0D7B}"
EndProject
Project("{FAE04EC0-301F-11D3-BF4B-00C04F79EFBC}") = "Xliff.OM", "Xliff.OM\Xliff.OM.csproj", "{A114EB09-E722-492E-8A4A-A9DFCA51A166}"
EndProject
Global
	GlobalSection(SolutionConfigurationPlatforms) = preSolution
		Debug|Any CPU = Debug|Any CPU
		Release|Any CPU = Release|Any CPU
	EndGlobalSection
	GlobalSection(ProjectConfigurationPlatforms) = postSolution
		{1CF44361-CF60-4B11-BA29-F44FD04C0D7B}.Debug|Any CPU.ActiveCfg = Debug|Any CPU
		{1CF44361-CF60-4B11-BA29-F44FD04C0D7B}.Debug|Any CPU.Build.0 = Debug|Any CPU
		{1CF44361-CF60-4B11-BA29-F44FD04C0D7B}.Release|Any CPU.ActiveCfg = Release|Any CPU
		{1CF44361-CF60-4B11-BA29-F44FD04C0D7B}.Release|Any CPU.Build.0 = Release|Any CPU
		{A114EB09-E722-492E-8A4A-A9DFCA51A166}.Debug|Any CPU.ActiveCfg = Debug|Any CPU
		{A114EB09-E722-492E-8A4A-A9DFCA51A166}.Debug|Any CPU.Build.0 = Debug|Any CPU
		{A114EB09-E722-492E-8A4A-A9DFCA51A166}.Release|Any CPU.ActiveCfg = Release|Any CPU
		{A114EB09-E722-492E-8A4A-A9DFCA51A166}.Release|Any CPU.Build.0 = Release|Any CPU
	EndGlobalSection
	GlobalSection(SolutionProperties) = preSolution
		HideSolutionNode = FALSE
	EndGlobalSection
EndGlobal
